
Microsoft Visual Studio Solution File, Format Version 12.00
# Visual Studio Version 16
VisualStudioVersion = 25.0.1703.8
MinimumVisualStudioVersion = 10.0.40219.1
Project("{FAE04EC0-301F-11D3-BF4B-00C04F79EFBC}") = "lab3.4", "lab3.4\lab3.4.csproj", "{4A6B74B0-83F2-4427-95F8-03592ED4FB23}"
EndProject
Global
	GlobalSection(SolutionConfigurationPlatforms) = preSolution
		Debug|Any CPU = Debug|Any CPU
		Release|Any CPU = Release|Any CPU
	EndGlobalSection
	GlobalSection(ProjectConfigurationPlatforms) = postSolution
		{4A6B74B0-83F2-4427-95F8-03592ED4FB23}.Debug|Any CPU.ActiveCfg = Debug|Any CPU
		{4A6B74B0-83F2-4427-95F8-03592ED4FB23}.Debug|Any CPU.Build.0 = Debug|Any CPU
		{4A6B74B0-83F2-4427-95F8-03592ED4FB23}.Release|Any CPU.ActiveCfg = Release|Any CPU
		{4A6B74B0-83F2-4427-95F8-03592ED4FB23}.Release|Any CPU.Build.0 = Release|Any CPU
	EndGlobalSection
	GlobalSection(SolutionProperties) = preSolution
		HideSolutionNode = FALSE
	EndGlobalSection
	GlobalSection(ExtensibilityGlobals) = postSolution
		SolutionGuid = {D8423CD6-39A6-4A81-BC05-F96CD4F06834}
	EndGlobalSection
EndGlobal
